{
  "name": "bun-cache",
  "lockfileVersion": 3,
  "requires": true,
  "packages": {
    "": {
      "name": "bun-cache",
      "dependencies": {
        "@vercel/edge": "^1.0.1",
        "figlet": "^1.6.0"
      },
      "devDependencies": {
        "@types/figlet": "^1.5.6",
        "bun-types": "latest"
      },
      "peerDependencies": {
        "typescript": "^5.0.0"
      }
    },
    "node_modules/@types/figlet": {
      "version": "1.5.6",
      "dev": true,
      "license": "MIT"
    },
    "node_modules/@vercel/edge": {
      "version": "1.0.1",
      "resolved": "https://registry.npmjs.org/@vercel/edge/-/edge-1.0.1.tgz",
      "integrity": "sha512-0lE1J1QsKmet3NUlNjS1+4tw7VpOsd3wxG91A5ZAAcxxDl3RQh/ThnYVV5VYT6FoSK5ZZ3jYh5YZCd0pWPK3yQ=="
    },
    "node_modules/bun-types": {
      "version": "1.0.1",
      "resolved": "https://registry.npmjs.org/bun-types/-/bun-types-1.0.1.tgz",
      "integrity": "sha512-7NrXqhMIaNKmWn2dSWEQ50znMZqrN/5Z0NBMXvQTRu/+Y1CvoXRznFy0pnqLe024CeZgVdXoEpARNO1JZLAPGw==",
      "dev": true
    },
    "node_modules/figlet": {
      "version": "1.6.0",
      "license": "MIT",
      "bin": {
        "figlet": "bin/index.js"
      },
      "engines": {
        "node": ">= 0.4.0"
      }
    },
    "node_modules/typescript": {
      "version": "5.2.2",
      "resolved": "https://registry.npmjs.org/typescript/-/typescript-5.2.2.tgz",
      "integrity": "sha512-mI4WrpHsbCIcwT9cF4FZvr80QUeKvsUsUvKDoR+X/7XHQH98xYD8YHZg7ANtz2GtZt/CBq2QJ0thkGJMHfqc1w==",
      "peer": true,
      "bin": {
        "tsc": "bin/tsc",
        "tsserver": "bin/tsserver"
      },
      "engines": {
        "node": ">=14.17"
      }
    }
  }
}
